
Microsoft Visual Studio Solution File, Format Version 12.00
# Visual Studio Version 16
VisualStudioVersion = 16.0.30516.212
MinimumVisualStudioVersion = 10.0.40219.1
Project("{9A19103F-16F7-4668-BE54-9A1E7A4F7556}") = "Sharp.CSS", "src\Sharp.CSS\Sharp.CSS.csproj", "{98E5E30E-7F4A-42B9-926B-EC8344BA5B95}"
EndProject
Project("{2150E333-8FDC-42A3-9474-1A3956D46DE8}") = "src", "src", "{2676CC45-410E-453E-8C7D-FEF44A68EC6B}"
EndProject
Project("{2150E333-8FDC-42A3-9474-1A3956D46DE8}") = "tests", "tests", "{9C457B8F-4F54-47D0-8405-CC8DA6801CF5}"
EndProject
Project("{2150E333-8FDC-42A3-9474-1A3956D46DE8}") = "samples", "samples", "{C1C0DA17-0139-443B-8694-89F34FF5EE8B}"
EndProject
Project("{2150E333-8FDC-42A3-9474-1A3956D46DE8}") = "_config", "_config", "{C8026D04-FA88-4FED-AF85-E92473FC9AE8}"
	ProjectSection(SolutionItems) = preProject
		.editorconfig = .editorconfig
		.filenesting.json = .filenesting.json
		README.md = README.md
		stylecop.json = stylecop.json
		StyleCop.ruleset = StyleCop.ruleset
		version.json = version.json
	EndProjectSection
EndProject
Project("{9A19103F-16F7-4668-BE54-9A1E7A4F7556}") = "Sharp.CSS.Tests", "tests\Sharp.CSS.Tests\Sharp.CSS.Tests.csproj", "{3634CCB7-EC36-431C-A2EC-4445EAE6DD5A}"
EndProject
Project("{9A19103F-16F7-4668-BE54-9A1E7A4F7556}") = "Sharp.CSS.Samples", "samples\Sharp.CSS.Samples\Sharp.CSS.Samples.csproj", "{9EF78BF8-72EA-4C33-871C-33944625ECAD}"
EndProject
Project("{9A19103F-16F7-4668-BE54-9A1E7A4F7556}") = "Sharp.CSS.Blazor", "src\Sharp.CSS.Blazor\Sharp.CSS.Blazor.csproj", "{49EA2519-0C7D-49F8-BD11-19C9C1115FE1}"
EndProject
Project("{9A19103F-16F7-4668-BE54-9A1E7A4F7556}") = "_build", "build\_build.csproj", "{15A87B68-3A96-4B89-9E0D-0CB6AAC00CDF}"
EndProject
Project("{2150E333-8FDC-42A3-9474-1A3956D46DE8}") = "build", "build", "{4AE912D0-9833-4D07-AC0E-0D6796899467}"
EndProject
Global
	GlobalSection(SolutionConfigurationPlatforms) = preSolution
		Debug|Any CPU = Debug|Any CPU
		Release|Any CPU = Release|Any CPU
	EndGlobalSection
	GlobalSection(ProjectConfigurationPlatforms) = postSolution
		{98E5E30E-7F4A-42B9-926B-EC8344BA5B95}.Debug|Any CPU.ActiveCfg = Debug|Any CPU
		{98E5E30E-7F4A-42B9-926B-EC8344BA5B95}.Debug|Any CPU.Build.0 = Debug|Any CPU
		{98E5E30E-7F4A-42B9-926B-EC8344BA5B95}.Release|Any CPU.ActiveCfg = Release|Any CPU
		{98E5E30E-7F4A-42B9-926B-EC8344BA5B95}.Release|Any CPU.Build.0 = Release|Any CPU
		{3634CCB7-EC36-431C-A2EC-4445EAE6DD5A}.Debug|Any CPU.ActiveCfg = Debug|Any CPU
		{3634CCB7-EC36-431C-A2EC-4445EAE6DD5A}.Debug|Any CPU.Build.0 = Debug|Any CPU
		{3634CCB7-EC36-431C-A2EC-4445EAE6DD5A}.Release|Any CPU.ActiveCfg = Release|Any CPU
		{3634CCB7-EC36-431C-A2EC-4445EAE6DD5A}.Release|Any CPU.Build.0 = Release|Any CPU
		{9EF78BF8-72EA-4C33-871C-33944625ECAD}.Debug|Any CPU.ActiveCfg = Debug|Any CPU
		{9EF78BF8-72EA-4C33-871C-33944625ECAD}.Debug|Any CPU.Build.0 = Debug|Any CPU
		{9EF78BF8-72EA-4C33-871C-33944625ECAD}.Release|Any CPU.ActiveCfg = Release|Any CPU
		{9EF78BF8-72EA-4C33-871C-33944625ECAD}.Release|Any CPU.Build.0 = Release|Any CPU
		{49EA2519-0C7D-49F8-BD11-19C9C1115FE1}.Debug|Any CPU.ActiveCfg = Debug|Any CPU
		{49EA2519-0C7D-49F8-BD11-19C9C1115FE1}.Debug|Any CPU.Build.0 = Debug|Any CPU
		{49EA2519-0C7D-49F8-BD11-19C9C1115FE1}.Release|Any CPU.ActiveCfg = Release|Any CPU
		{49EA2519-0C7D-49F8-BD11-19C9C1115FE1}.Release|Any CPU.Build.0 = Release|Any CPU
		{15A87B68-3A96-4B89-9E0D-0CB6AAC00CDF}.Debug|Any CPU.ActiveCfg = Debug|Any CPU
		{15A87B68-3A96-4B89-9E0D-0CB6AAC00CDF}.Release|Any CPU.ActiveCfg = Release|Any CPU
	EndGlobalSection
	GlobalSection(SolutionProperties) = preSolution
		HideSolutionNode = FALSE
	EndGlobalSection
	GlobalSection(NestedProjects) = preSolution
		{98E5E30E-7F4A-42B9-926B-EC8344BA5B95} = {2676CC45-410E-453E-8C7D-FEF44A68EC6B}
		{3634CCB7-EC36-431C-A2EC-4445EAE6DD5A} = {9C457B8F-4F54-47D0-8405-CC8DA6801CF5}
		{9EF78BF8-72EA-4C33-871C-33944625ECAD} = {C1C0DA17-0139-443B-8694-89F34FF5EE8B}
		{49EA2519-0C7D-49F8-BD11-19C9C1115FE1} = {2676CC45-410E-453E-8C7D-FEF44A68EC6B}
		{15A87B68-3A96-4B89-9E0D-0CB6AAC00CDF} = {4AE912D0-9833-4D07-AC0E-0D6796899467}
	EndGlobalSection
	GlobalSection(ExtensibilityGlobals) = postSolution
		SolutionGuid = {E041E70B-A428-4EA3-A8F5-54BEAE5FD7E6}
	EndGlobalSection
EndGlobal
